
Microsoft Visual Studio Solution File, Format Version 12.00
# Visual Studio Version 17
VisualStudioVersion = 17.4.33213.308
MinimumVisualStudioVersion = 10.0.40219.1
Project("{FAE04EC0-301F-11D3-BF4B-00C04F79EFBC}") = "Grocery_store", "Grocery_store.csproj", "{A29BC03E-D326-4DE5-A53C-1C24FC5EA981}"
EndProject
Global
	GlobalSection(SolutionConfigurationPlatforms) = preSolution
		Debug|Any CPU = Debug|Any CPU
		Release|Any CPU = Release|Any CPU
	EndGlobalSection
	GlobalSection(ProjectConfigurationPlatforms) = postSolution
		{A29BC03E-D326-4DE5-A53C-1C24FC5EA981}.Debug|Any CPU.ActiveCfg = Debug|Any CPU
		{A29BC03E-D326-4DE5-A53C-1C24FC5EA981}.Debug|Any CPU.Build.0 = Debug|Any CPU
		{A29BC03E-D326-4DE5-A53C-1C24FC5EA981}.Release|Any CPU.ActiveCfg = Release|Any CPU
		{A29BC03E-D326-4DE5-A53C-1C24FC5EA981}.Release|Any CPU.Build.0 = Release|Any CPU
	EndGlobalSection
	GlobalSection(SolutionProperties) = preSolution
		HideSolutionNode = FALSE
	EndGlobalSection
	GlobalSection(ExtensibilityGlobals) = postSolution
		SolutionGuid = {8A94616B-2282-495B-B38E-579E65828529}
	EndGlobalSection
EndGlobal
